// !$*UTF8*$!
{
	archiveVersion = 1;
	classes = {
	};
	objectVersion = 46;
	objects = {

/* Begin PBXBuildFile section */
		19147D5219433E780071116C /* AFOnoResponseSerializer.m in Sources */ = {isa = PBXBuildFile; fileRef = 19147D4D19433E780071116C /* AFOnoResponseSerializer.m */; };
		19147D5319433E780071116C /* ONOXMLDocument.m in Sources */ = {isa = PBXBuildFile; fileRef = 19147D5119433E780071116C /* ONOXMLDocument.m */; };
		19147D55194341470071116C /* libxml2.dylib in Frameworks */ = {isa = PBXBuildFile; fileRef = 19147D54194341470071116C /* libxml2.dylib */; };
		19161DBA190E14B900B745C8 /* credit-daniel@2x.jpg in Resources */ = {isa = PBXBuildFile; fileRef = 19161DB6190E14B900B745C8 /* credit-daniel@2x.jpg */; };
		19161DBB190E14B900B745C8 /* credit-stefan@2x.jpg in Resources */ = {isa = PBXBuildFile; fileRef = 19161DB7190E14B900B745C8 /* credit-stefan@2x.jpg */; };
		19161DC9190E195500B745C8 /* Sintony-Bold.ttf in Resources */ = {isa = PBXBuildFile; fileRef = 19161DC6190E195500B745C8 /* Sintony-Bold.ttf */; };
		19161DCA190E195500B745C8 /* Sintony-Regular.ttf in Resources */ = {isa = PBXBuildFile; fileRef = 19161DC7190E195500B745C8 /* Sintony-Regular.ttf */; };
		192ACA861915D39E004CCDE1 /* DKDraftsActivity.m in Sources */ = {isa = PBXBuildFile; fileRef = 192ACA851915D39E004CCDE1 /* DKDraftsActivity.m */; };
		19477AA819075475003648F7 /* DKTabDump.m in Sources */ = {isa = PBXBuildFile; fileRef = 19477AA719075475003648F7 /* DKTabDump.m */; };
		19477AA9190760A9003648F7 /* DKTabDump.m in Sources */ = {isa = PBXBuildFile; fileRef = 19477AA719075475003648F7 /* DKTabDump.m */; };
		19477AC119076A48003648F7 /* DKTab.m in Sources */ = {isa = PBXBuildFile; fileRef = 19477AC019076A48003648F7 /* DKTab.m */; };
		196243CA1927E4D80037BDF8 /* DKCategoriesController.m in Sources */ = {isa = PBXBuildFile; fileRef = 196243C91927E4D80037BDF8 /* DKCategoriesController.m */; };
		196243CD1927F0340037BDF8 /* DKCategoryCell.m in Sources */ = {isa = PBXBuildFile; fileRef = 196243CC1927F0340037BDF8 /* DKCategoryCell.m */; };
		196243D01927F4C50037BDF8 /* DKTabsListController.m in Sources */ = {isa = PBXBuildFile; fileRef = 196243CF1927F4C50037BDF8 /* DKTabsListController.m */; };
		196243D3192857340037BDF8 /* DKListSelectionController.m in Sources */ = {isa = PBXBuildFile; fileRef = 196243D2192857340037BDF8 /* DKListSelectionController.m */; };
		198C31451923C525009B4033 /* DKSettingsController.m in Sources */ = {isa = PBXBuildFile; fileRef = 198C31441923C525009B4033 /* DKSettingsController.m */; };
		19CFA60F19108C640051BC80 /* InfoPlist.strings in Resources */ = {isa = PBXBuildFile; fileRef = 19CFA60C19108C640051BC80 /* InfoPlist.strings */; };
		19CFA61019108C640051BC80 /* main.m in Sources */ = {isa = PBXBuildFile; fileRef = 19CFA60E19108C640051BC80 /* main.m */; };
		19D979EB192F001700389A43 /* top-gears@2x.png in Resources */ = {isa = PBXBuildFile; fileRef = 19D979EA192F001700389A43 /* top-gears@2x.png */; };
		19D97A3A1934CA5700389A43 /* TOWebViewControllerLocalizable.strings in Resources */ = {isa = PBXBuildFile; fileRef = 19D97A291934CA5700389A43 /* TOWebViewControllerLocalizable.strings */; };
		19D97A3B1934CA5700389A43 /* TOActivityChrome.m in Sources */ = {isa = PBXBuildFile; fileRef = 19D97A311934CA5700389A43 /* TOActivityChrome.m */; };
		19D97A3C1934CA5700389A43 /* TOActivitySafari.m in Sources */ = {isa = PBXBuildFile; fileRef = 19D97A331934CA5700389A43 /* TOActivitySafari.m */; };
		19D97A3D1934CA5700389A43 /* TOWebViewController.m in Sources */ = {isa = PBXBuildFile; fileRef = 19D97A351934CA5700389A43 /* TOWebViewController.m */; };
		19D97A3E1934CA5700389A43 /* UIImage+TOWebViewControllerIcons.m in Sources */ = {isa = PBXBuildFile; fileRef = 19D97A371934CA5700389A43 /* UIImage+TOWebViewControllerIcons.m */; };
		19D97A441935753A00389A43 /* UIFont+TD.m in Sources */ = {isa = PBXBuildFile; fileRef = 19D97A431935753A00389A43 /* UIFont+TD.m */; };
		CE0B4034190EB8BB009648D3 /* UIColor+TD.m in Sources */ = {isa = PBXBuildFile; fileRef = CE0B4033190EB8BB009648D3 /* UIColor+TD.m */; };
		CE0B4036190EB92D009648D3 /* Images.xcassets in Resources */ = {isa = PBXBuildFile; fileRef = CE0B4035190EB92D009648D3 /* Images.xcassets */; };
		CE8B904C1934E1D200263194 /* DKWebViewController.m in Sources */ = {isa = PBXBuildFile; fileRef = CE8B904B1934E1D200263194 /* DKWebViewController.m */; };
		CEBDF3F219192BAB003AE46C /* AFHTTPRequestOperation.m in Sources */ = {isa = PBXBuildFile; fileRef = CEBDF38819192BAB003AE46C /* AFHTTPRequestOperation.m */; };
		CEBDF3F319192BAB003AE46C /* AFHTTPRequestOperationManager.m in Sources */ = {isa = PBXBuildFile; fileRef = CEBDF38A19192BAB003AE46C /* AFHTTPRequestOperationManager.m */; };
		CEBDF3F419192BAB003AE46C /* AFHTTPSessionManager.m in Sources */ = {isa = PBXBuildFile; fileRef = CEBDF38C19192BAB003AE46C /* AFHTTPSessionManager.m */; };
		CEBDF3F519192BAB003AE46C /* AFNetworkReachabilityManager.m in Sources */ = {isa = PBXBuildFile; fileRef = CEBDF38F19192BAB003AE46C /* AFNetworkReachabilityManager.m */; };
		CEBDF3F619192BAB003AE46C /* AFSecurityPolicy.m in Sources */ = {isa = PBXBuildFile; fileRef = CEBDF39119192BAB003AE46C /* AFSecurityPolicy.m */; };
		CEBDF3F719192BAB003AE46C /* AFURLConnectionOperation.m in Sources */ = {isa = PBXBuildFile; fileRef = CEBDF39319192BAB003AE46C /* AFURLConnectionOperation.m */; };
		CEBDF3F819192BAB003AE46C /* AFURLRequestSerialization.m in Sources */ = {isa = PBXBuildFile; fileRef = CEBDF39519192BAB003AE46C /* AFURLRequestSerialization.m */; };
		CEBDF3F919192BAB003AE46C /* AFURLResponseSerialization.m in Sources */ = {isa = PBXBuildFile; fileRef = CEBDF39719192BAB003AE46C /* AFURLResponseSerialization.m */; };
		CEBDF3FA19192BAB003AE46C /* AFURLSessionManager.m in Sources */ = {isa = PBXBuildFile; fileRef = CEBDF39919192BAB003AE46C /* AFURLSessionManager.m */; };
		CEBDF3FB19192BAB003AE46C /* UIColor+BrandColors.m in Sources */ = {isa = PBXBuildFile; fileRef = CEBDF39C19192BAB003AE46C /* UIColor+BrandColors.m */; };
		CEBDF3FC19192BAB003AE46C /* NSString+DK.m in Sources */ = {isa = PBXBuildFile; fileRef = CEBDF3A019192BAB003AE46C /* NSString+DK.m */; };
		CEBDF3FD19192BAB003AE46C /* UIColor+DK.m in Sources */ = {isa = PBXBuildFile; fileRef = CEBDF3A219192BAB003AE46C /* UIColor+DK.m */; };
		CEBDF3FE19192BAB003AE46C /* UIImage+DK.m in Sources */ = {isa = PBXBuildFile; fileRef = CEBDF3A419192BAB003AE46C /* UIImage+DK.m */; };
		CEBDF3FF19192BAB003AE46C /* UIView+DK.m in Sources */ = {isa = PBXBuildFile; fileRef = CEBDF3A619192BAB003AE46C /* UIView+DK.m */; };
		CEBDF40019192BAB003AE46C /* UIViewController+DK.m in Sources */ = {isa = PBXBuildFile; fileRef = CEBDF3A819192BAB003AE46C /* UIViewController+DK.m */; };
		CEBDF40119192BAB003AE46C /* DKUserMessageView.m in Sources */ = {isa = PBXBuildFile; fileRef = CEBDF3AB19192BAB003AE46C /* DKUserMessageView.m */; };
		CEBDF42219192D69003AE46C /* top-down@2x.png in Resources */ = {isa = PBXBuildFile; fileRef = CEBDF41E19192D69003AE46C /* top-down@2x.png */; };
		CEBDF42319192D69003AE46C /* top-list@2x.png in Resources */ = {isa = PBXBuildFile; fileRef = CEBDF41F19192D69003AE46C /* top-list@2x.png */; };
		CEBDF42519192D69003AE46C /* top-x@2x.png in Resources */ = {isa = PBXBuildFile; fileRef = CEBDF42119192D69003AE46C /* top-x@2x.png */; };
		CEBDF42819192E2E003AE46C /* tab-action@2x.png in Resources */ = {isa = PBXBuildFile; fileRef = CEBDF42619192E2E003AE46C /* tab-action@2x.png */; };
		CEBDF42C19192E6C003AE46C /* activity-buffer@2x.png in Resources */ = {isa = PBXBuildFile; fileRef = CEBDF42A19192E6C003AE46C /* activity-buffer@2x.png */; };
		CEBDF42D19192E6C003AE46C /* activity-drafts@2x.png in Resources */ = {isa = PBXBuildFile; fileRef = CEBDF42B19192E6C003AE46C /* activity-drafts@2x.png */; };
		CEC7C5281906BEF3004DF651 /* Foundation.framework in Frameworks */ = {isa = PBXBuildFile; fileRef = CEC7C5271906BEF3004DF651 /* Foundation.framework */; };
		CEC7C52A1906BEF3004DF651 /* CoreGraphics.framework in Frameworks */ = {isa = PBXBuildFile; fileRef = CEC7C5291906BEF3004DF651 /* CoreGraphics.framework */; };
		CEC7C52C1906BEF3004DF651 /* UIKit.framework in Frameworks */ = {isa = PBXBuildFile; fileRef = CEC7C52B1906BEF3004DF651 /* UIKit.framework */; };
		CEC7C5411906BEF3004DF651 /* XCTest.framework in Frameworks */ = {isa = PBXBuildFile; fileRef = CEC7C5401906BEF3004DF651 /* XCTest.framework */; };
		CEC7C5421906BEF3004DF651 /* Foundation.framework in Frameworks */ = {isa = PBXBuildFile; fileRef = CEC7C5271906BEF3004DF651 /* Foundation.framework */; };
		CEC7C5431906BEF3004DF651 /* UIKit.framework in Frameworks */ = {isa = PBXBuildFile; fileRef = CEC7C52B1906BEF3004DF651 /* UIKit.framework */; };
		CEC7C54B1906BEF3004DF651 /* InfoPlist.strings in Resources */ = {isa = PBXBuildFile; fileRef = CEC7C5491906BEF3004DF651 /* InfoPlist.strings */; };
		CEC7C54D1906BEF3004DF651 /* TabDumpTests.m in Sources */ = {isa = PBXBuildFile; fileRef = CEC7C54C1906BEF3004DF651 /* TabDumpTests.m */; };
		CEC7C55A1906C03E004DF651 /* DKAppDelegate.m in Sources */ = {isa = PBXBuildFile; fileRef = CEC7C5581906C03E004DF651 /* DKAppDelegate.m */; };
		CEDDEE341907F10600BDADC1 /* blog.rss in Resources */ = {isa = PBXBuildFile; fileRef = CEDDEE331907F10600BDADC1 /* blog.rss */; };
		CEDDEE90190834CB00BDADC1 /* about.html in Resources */ = {isa = PBXBuildFile; fileRef = CEDDEE8F190834CB00BDADC1 /* about.html */; };
		CEEA7F08190EC159000474E3 /* DKAboutController.m in Sources */ = {isa = PBXBuildFile; fileRef = CEEA7EFA190EC159000474E3 /* DKAboutController.m */; };
		CEEA7F09190EC159000474E3 /* DKDayController.m in Sources */ = {isa = PBXBuildFile; fileRef = CEEA7EFC190EC159000474E3 /* DKDayController.m */; };
		CEEA7F0A190EC159000474E3 /* DKLaunchController.m in Sources */ = {isa = PBXBuildFile; fileRef = CEEA7EFE190EC159000474E3 /* DKLaunchController.m */; };
		CEEA7F0B190EC159000474E3 /* DKTabDumpsController.m in Sources */ = {isa = PBXBuildFile; fileRef = CEEA7F00190EC159000474E3 /* DKTabDumpsController.m */; };
		CEEA7F0C190EC159000474E3 /* DKAboutView.m in Sources */ = {isa = PBXBuildFile; fileRef = CEEA7F03190EC159000474E3 /* DKAboutView.m */; };
		CEEA7F0D190EC159000474E3 /* DKTabCell.m in Sources */ = {isa = PBXBuildFile; fileRef = CEEA7F05190EC159000474E3 /* DKTabCell.m */; };
		CEEA7F0E190EC159000474E3 /* DKTabDumpCell.m in Sources */ = {isa = PBXBuildFile; fileRef = CEEA7F07190EC159000474E3 /* DKTabDumpCell.m */; };
		CEEA7F5C190EFDFC000474E3 /* DKTabActivityItemProvider.m in Sources */ = {isa = PBXBuildFile; fileRef = CEEA7F5B190EFDFC000474E3 /* DKTabActivityItemProvider.m */; };
		CEEA7F5F190F0D7D000474E3 /* DKBufferActivity.m in Sources */ = {isa = PBXBuildFile; fileRef = CEEA7F5E190F0D7D000474E3 /* DKBufferActivity.m */; };
		CEEC75A21921684E00187929 /* top-left@2x.png in Resources */ = {isa = PBXBuildFile; fileRef = CEEC75A11921684E00187929 /* top-left@2x.png */; };
		CEEC75A5192168C900187929 /* UIViewController+TD.m in Sources */ = {isa = PBXBuildFile; fileRef = CEEC75A4192168C900187929 /* UIViewController+TD.m */; };
/* End PBXBuildFile section */

/* Begin PBXContainerItemProxy section */
		CEC7C5441906BEF3004DF651 /* PBXContainerItemProxy */ = {
			isa = PBXContainerItemProxy;
			containerPortal = CEC7C51C1906BEF3004DF651 /* Project object */;
			proxyType = 1;
			remoteGlobalIDString = CEC7C5231906BEF3004DF651;
			remoteInfo = TabDump;
		};
/* End PBXContainerItemProxy section */

/* Begin PBXFileReference section */
		19147D4C19433E780071116C /* AFOnoResponseSerializer.h */ = {isa = PBXFileReference; fileEncoding = 4; lastKnownFileType = sourcecode.c.h; path = AFOnoResponseSerializer.h; sourceTree = "<group>"; };
		19147D4D19433E780071116C /* AFOnoResponseSerializer.m */ = {isa = PBXFileReference; fileEncoding = 4; lastKnownFileType = sourcecode.c.objc; path = AFOnoResponseSerializer.m; sourceTree = "<group>"; };
		19147D4F19433E780071116C /* Ono.h */ = {isa = PBXFileReference; fileEncoding = 4; lastKnownFileType = sourcecode.c.h; path = Ono.h; sourceTree = "<group>"; };
		19147D5019433E780071116C /* ONOXMLDocument.h */ = {isa = PBXFileReference; fileEncoding = 4; lastKnownFileType = sourcecode.c.h; path = ONOXMLDocument.h; sourceTree = "<group>"; };
		19147D5119433E780071116C /* ONOXMLDocument.m */ = {isa = PBXFileReference; fileEncoding = 4; lastKnownFileType = sourcecode.c.objc; path = ONOXMLDocument.m; sourceTree = "<group>"; };
		19147D54194341470071116C /* libxml2.dylib */ = {isa = PBXFileReference; lastKnownFileType = "compiled.mach-o.dylib"; name = libxml2.dylib; path = usr/lib/libxml2.dylib; sourceTree = SDKROOT; };
		19161DB6190E14B900B745C8 /* credit-daniel@2x.jpg */ = {isa = PBXFileReference; lastKnownFileType = image.jpeg; path = "credit-daniel@2x.jpg"; sourceTree = "<group>"; };
		19161DB7190E14B900B745C8 /* credit-stefan@2x.jpg */ = {isa = PBXFileReference; lastKnownFileType = image.jpeg; path = "credit-stefan@2x.jpg"; sourceTree = "<group>"; };
		19161DC6190E195500B745C8 /* Sintony-Bold.ttf */ = {isa = PBXFileReference; lastKnownFileType = file; path = "Sintony-Bold.ttf"; sourceTree = "<group>"; };
		19161DC7190E195500B745C8 /* Sintony-Regular.ttf */ = {isa = PBXFileReference; lastKnownFileType = file; path = "Sintony-Regular.ttf"; sourceTree = "<group>"; };
		192ACA841915D39E004CCDE1 /* DKDraftsActivity.h */ = {isa = PBXFileReference; fileEncoding = 4; lastKnownFileType = sourcecode.c.h; path = DKDraftsActivity.h; sourceTree = "<group>"; };
		192ACA851915D39E004CCDE1 /* DKDraftsActivity.m */ = {isa = PBXFileReference; fileEncoding = 4; lastKnownFileType = sourcecode.c.objc; path = DKDraftsActivity.m; sourceTree = "<group>"; };
		19477AA619075475003648F7 /* DKTabDump.h */ = {isa = PBXFileReference; fileEncoding = 4; lastKnownFileType = sourcecode.c.h; path = DKTabDump.h; sourceTree = "<group>"; };
		19477AA719075475003648F7 /* DKTabDump.m */ = {isa = PBXFileReference; fileEncoding = 4; lastKnownFileType = sourcecode.c.objc; path = DKTabDump.m; sourceTree = "<group>"; };
		19477ABF19076A48003648F7 /* DKTab.h */ = {isa = PBXFileReference; fileEncoding = 4; lastKnownFileType = sourcecode.c.h; path = DKTab.h; sourceTree = "<group>"; };
		19477AC019076A48003648F7 /* DKTab.m */ = {isa = PBXFileReference; fileEncoding = 4; lastKnownFileType = sourcecode.c.objc; path = DKTab.m; sourceTree = "<group>"; };
		196243C81927E4D80037BDF8 /* DKCategoriesController.h */ = {isa = PBXFileReference; fileEncoding = 4; lastKnownFileType = sourcecode.c.h; path = DKCategoriesController.h; sourceTree = "<group>"; };
		196243C91927E4D80037BDF8 /* DKCategoriesController.m */ = {isa = PBXFileReference; fileEncoding = 4; lastKnownFileType = sourcecode.c.objc; path = DKCategoriesController.m; sourceTree = "<group>"; };
		196243CB1927F0340037BDF8 /* DKCategoryCell.h */ = {isa = PBXFileReference; fileEncoding = 4; lastKnownFileType = sourcecode.c.h; path = DKCategoryCell.h; sourceTree = "<group>"; };
		196243CC1927F0340037BDF8 /* DKCategoryCell.m */ = {isa = PBXFileReference; fileEncoding = 4; lastKnownFileType = sourcecode.c.objc; path = DKCategoryCell.m; sourceTree = "<group>"; };
		196243CE1927F4C50037BDF8 /* DKTabsListController.h */ = {isa = PBXFileReference; fileEncoding = 4; lastKnownFileType = sourcecode.c.h; path = DKTabsListController.h; sourceTree = "<group>"; };
		196243CF1927F4C50037BDF8 /* DKTabsListController.m */ = {isa = PBXFileReference; fileEncoding = 4; lastKnownFileType = sourcecode.c.objc; path = DKTabsListController.m; sourceTree = "<group>"; };
		196243D1192857340037BDF8 /* DKListSelectionController.h */ = {isa = PBXFileReference; fileEncoding = 4; lastKnownFileType = sourcecode.c.h; path = DKListSelectionController.h; sourceTree = "<group>"; };
		196243D2192857340037BDF8 /* DKListSelectionController.m */ = {isa = PBXFileReference; fileEncoding = 4; lastKnownFileType = sourcecode.c.objc; path = DKListSelectionController.m; sourceTree = "<group>"; };
		198C31431923C525009B4033 /* DKSettingsController.h */ = {isa = PBXFileReference; fileEncoding = 4; lastKnownFileType = sourcecode.c.h; path = DKSettingsController.h; sourceTree = "<group>"; };
		198C31441923C525009B4033 /* DKSettingsController.m */ = {isa = PBXFileReference; fileEncoding = 4; lastKnownFileType = sourcecode.c.objc; path = DKSettingsController.m; sourceTree = "<group>"; };
		19CF68A019112379001D0C9D /* TabDump-Info.plist */ = {isa = PBXFileReference; fileEncoding = 4; lastKnownFileType = text.plist.xml; path = "TabDump-Info.plist"; sourceTree = "<group>"; };
		19CF68A21911247A001D0C9D /* TabDump-Prefix.pch */ = {isa = PBXFileReference; lastKnownFileType = sourcecode.c.h; path = "TabDump-Prefix.pch"; sourceTree = "<group>"; };
		19CFA60D19108C640051BC80 /* en */ = {isa = PBXFileReference; lastKnownFileType = text.plist.strings; name = en; path = InfoPlist.strings; sourceTree = "<group>"; };
		19CFA60E19108C640051BC80 /* main.m */ = {isa = PBXFileReference; fileEncoding = 4; lastKnownFileType = sourcecode.c.objc; path = main.m; sourceTree = "<group>"; };
		19D979EA192F001700389A43 /* top-gears@2x.png */ = {isa = PBXFileReference; lastKnownFileType = image.png; path = "top-gears@2x.png"; sourceTree = "<group>"; };
		19D97A2A1934CA5700389A43 /* de */ = {isa = PBXFileReference; lastKnownFileType = text.plist.strings; name = de; path = de.lproj/TOWebViewControllerLocalizable.strings; sourceTree = "<group>"; };
		19D97A2B1934CA5700389A43 /* en */ = {isa = PBXFileReference; lastKnownFileType = text.plist.strings; name = en; path = en.lproj/TOWebViewControllerLocalizable.strings; sourceTree = "<group>"; };
		19D97A2C1934CA5700389A43 /* es */ = {isa = PBXFileReference; lastKnownFileType = text.plist.strings; name = es; path = es.lproj/TOWebViewControllerLocalizable.strings; sourceTree = "<group>"; };
		19D97A2D1934CA5700389A43 /* ja */ = {isa = PBXFileReference; lastKnownFileType = text.plist.strings; name = ja; path = ja.lproj/TOWebViewControllerLocalizable.strings; sourceTree = "<group>"; };
		19D97A2E1934CA5700389A43 /* ko */ = {isa = PBXFileReference; lastKnownFileType = text.plist.strings; name = ko; path = ko.lproj/TOWebViewControllerLocalizable.strings; sourceTree = "<group>"; };
		19D97A2F1934CA5700389A43 /* pl */ = {isa = PBXFileReference; lastKnownFileType = text.plist.strings; name = pl; path = pl.lproj/TOWebViewControllerLocalizable.strings; sourceTree = "<group>"; };
		19D97A301934CA5700389A43 /* TOActivityChrome.h */ = {isa = PBXFileReference; fileEncoding = 4; lastKnownFileType = sourcecode.c.h; path = TOActivityChrome.h; sourceTree = "<group>"; };
		19D97A311934CA5700389A43 /* TOActivityChrome.m */ = {isa = PBXFileReference; fileEncoding = 4; lastKnownFileType = sourcecode.c.objc; path = TOActivityChrome.m; sourceTree = "<group>"; };
		19D97A321934CA5700389A43 /* TOActivitySafari.h */ = {isa = PBXFileReference; fileEncoding = 4; lastKnownFileType = sourcecode.c.h; path = TOActivitySafari.h; sourceTree = "<group>"; };
		19D97A331934CA5700389A43 /* TOActivitySafari.m */ = {isa = PBXFileReference; fileEncoding = 4; lastKnownFileType = sourcecode.c.objc; path = TOActivitySafari.m; sourceTree = "<group>"; };
		19D97A341934CA5700389A43 /* TOWebViewController.h */ = {isa = PBXFileReference; fileEncoding = 4; lastKnownFileType = sourcecode.c.h; path = TOWebViewController.h; sourceTree = "<group>"; };
		19D97A351934CA5700389A43 /* TOWebViewController.m */ = {isa = PBXFileReference; fileEncoding = 4; lastKnownFileType = sourcecode.c.objc; path = TOWebViewController.m; sourceTree = "<group>"; };
		19D97A361934CA5700389A43 /* UIImage+TOWebViewControllerIcons.h */ = {isa = PBXFileReference; fileEncoding = 4; lastKnownFileType = sourcecode.c.h; path = "UIImage+TOWebViewControllerIcons.h"; sourceTree = "<group>"; };
		19D97A371934CA5700389A43 /* UIImage+TOWebViewControllerIcons.m */ = {isa = PBXFileReference; fileEncoding = 4; lastKnownFileType = sourcecode.c.objc; path = "UIImage+TOWebViewControllerIcons.m"; sourceTree = "<group>"; };
		19D97A381934CA5700389A43 /* zh-Hans */ = {isa = PBXFileReference; lastKnownFileType = text.plist.strings; name = "zh-Hans"; path = "zh-Hans.lproj/TOWebViewControllerLocalizable.strings"; sourceTree = "<group>"; };
		19D97A391934CA5700389A43 /* zh-Hant */ = {isa = PBXFileReference; lastKnownFileType = text.plist.strings; name = "zh-Hant"; path = "zh-Hant.lproj/TOWebViewControllerLocalizable.strings"; sourceTree = "<group>"; };
		19D97A421935753A00389A43 /* UIFont+TD.h */ = {isa = PBXFileReference; fileEncoding = 4; lastKnownFileType = sourcecode.c.h; path = "UIFont+TD.h"; sourceTree = "<group>"; };
		19D97A431935753A00389A43 /* UIFont+TD.m */ = {isa = PBXFileReference; fileEncoding = 4; lastKnownFileType = sourcecode.c.objc; path = "UIFont+TD.m"; sourceTree = "<group>"; };
		CE0B4032190EB8BB009648D3 /* UIColor+TD.h */ = {isa = PBXFileReference; fileEncoding = 4; lastKnownFileType = sourcecode.c.h; path = "UIColor+TD.h"; sourceTree = "<group>"; };
		CE0B4033190EB8BB009648D3 /* UIColor+TD.m */ = {isa = PBXFileReference; fileEncoding = 4; lastKnownFileType = sourcecode.c.objc; path = "UIColor+TD.m"; sourceTree = "<group>"; };
		CE0B4035190EB92D009648D3 /* Images.xcassets */ = {isa = PBXFileReference; lastKnownFileType = folder.assetcatalog; path = Images.xcassets; sourceTree = "<group>"; };
		CE8B904A1934E1D200263194 /* DKWebViewController.h */ = {isa = PBXFileReference; fileEncoding = 4; lastKnownFileType = sourcecode.c.h; path = DKWebViewController.h; sourceTree = "<group>"; };
		CE8B904B1934E1D200263194 /* DKWebViewController.m */ = {isa = PBXFileReference; fileEncoding = 4; lastKnownFileType = sourcecode.c.objc; path = DKWebViewController.m; sourceTree = "<group>"; };
		CEBDF34F1918269B003AE46C /* DKTabDumpDefines.h */ = {isa = PBXFileReference; lastKnownFileType = sourcecode.c.h; path = DKTabDumpDefines.h; sourceTree = "<group>"; };
		CEBDF38719192BAB003AE46C /* AFHTTPRequestOperation.h */ = {isa = PBXFileReference; fileEncoding = 4; lastKnownFileType = sourcecode.c.h; path = AFHTTPRequestOperation.h; sourceTree = "<group>"; };
		CEBDF38819192BAB003AE46C /* AFHTTPRequestOperation.m */ = {isa = PBXFileReference; fileEncoding = 4; lastKnownFileType = sourcecode.c.objc; path = AFHTTPRequestOperation.m; sourceTree = "<group>"; };
		CEBDF38919192BAB003AE46C /* AFHTTPRequestOperationManager.h */ = {isa = PBXFileReference; fileEncoding = 4; lastKnownFileType = sourcecode.c.h; path = AFHTTPRequestOperationManager.h; sourceTree = "<group>"; };
		CEBDF38A19192BAB003AE46C /* AFHTTPRequestOperationManager.m */ = {isa = PBXFileReference; fileEncoding = 4; lastKnownFileType = sourcecode.c.objc; path = AFHTTPRequestOperationManager.m; sourceTree = "<group>"; };
		CEBDF38B19192BAB003AE46C /* AFHTTPSessionManager.h */ = {isa = PBXFileReference; fileEncoding = 4; lastKnownFileType = sourcecode.c.h; path = AFHTTPSessionManager.h; sourceTree = "<group>"; };
		CEBDF38C19192BAB003AE46C /* AFHTTPSessionManager.m */ = {isa = PBXFileReference; fileEncoding = 4; lastKnownFileType = sourcecode.c.objc; path = AFHTTPSessionManager.m; sourceTree = "<group>"; };
		CEBDF38D19192BAB003AE46C /* AFNetworking.h */ = {isa = PBXFileReference; fileEncoding = 4; lastKnownFileType = sourcecode.c.h; path = AFNetworking.h; sourceTree = "<group>"; };
		CEBDF38E19192BAB003AE46C /* AFNetworkReachabilityManager.h */ = {isa = PBXFileReference; fileEncoding = 4; lastKnownFileType = sourcecode.c.h; path = AFNetworkReachabilityManager.h; sourceTree = "<group>"; };
		CEBDF38F19192BAB003AE46C /* AFNetworkReachabilityManager.m */ = {isa = PBXFileReference; fileEncoding = 4; lastKnownFileType = sourcecode.c.objc; path = AFNetworkReachabilityManager.m; sourceTree = "<group>"; };
		CEBDF39019192BAB003AE46C /* AFSecurityPolicy.h */ = {isa = PBXFileReference; fileEncoding = 4; lastKnownFileType = sourcecode.c.h; path = AFSecurityPolicy.h; sourceTree = "<group>"; };
		CEBDF39119192BAB003AE46C /* AFSecurityPolicy.m */ = {isa = PBXFileReference; fileEncoding = 4; lastKnownFileType = sourcecode.c.objc; path = AFSecurityPolicy.m; sourceTree = "<group>"; };
		CEBDF39219192BAB003AE46C /* AFURLConnectionOperation.h */ = {isa = PBXFileReference; fileEncoding = 4; lastKnownFileType = sourcecode.c.h; path = AFURLConnectionOperation.h; sourceTree = "<group>"; };
		CEBDF39319192BAB003AE46C /* AFURLConnectionOperation.m */ = {isa = PBXFileReference; fileEncoding = 4; lastKnownFileType = sourcecode.c.objc; path = AFURLConnectionOperation.m; sourceTree = "<group>"; };
		CEBDF39419192BAB003AE46C /* AFURLRequestSerialization.h */ = {isa = PBXFileReference; fileEncoding = 4; lastKnownFileType = sourcecode.c.h; path = AFURLRequestSerialization.h; sourceTree = "<group>"; };
		CEBDF39519192BAB003AE46C /* AFURLRequestSerialization.m */ = {isa = PBXFileReference; fileEncoding = 4; lastKnownFileType = sourcecode.c.objc; path = AFURLRequestSerialization.m; sourceTree = "<group>"; };
		CEBDF39619192BAB003AE46C /* AFURLResponseSerialization.h */ = {isa = PBXFileReference; fileEncoding = 4; lastKnownFileType = sourcecode.c.h; path = AFURLResponseSerialization.h; sourceTree = "<group>"; };
		CEBDF39719192BAB003AE46C /* AFURLResponseSerialization.m */ = {isa = PBXFileReference; fileEncoding = 4; lastKnownFileType = sourcecode.c.objc; path = AFURLResponseSerialization.m; sourceTree = "<group>"; };
		CEBDF39819192BAB003AE46C /* AFURLSessionManager.h */ = {isa = PBXFileReference; fileEncoding = 4; lastKnownFileType = sourcecode.c.h; path = AFURLSessionManager.h; sourceTree = "<group>"; };
		CEBDF39919192BAB003AE46C /* AFURLSessionManager.m */ = {isa = PBXFileReference; fileEncoding = 4; lastKnownFileType = sourcecode.c.objc; path = AFURLSessionManager.m; sourceTree = "<group>"; };
		CEBDF39B19192BAB003AE46C /* UIColor+BrandColors.h */ = {isa = PBXFileReference; fileEncoding = 4; lastKnownFileType = sourcecode.c.h; path = "UIColor+BrandColors.h"; sourceTree = "<group>"; };
		CEBDF39C19192BAB003AE46C /* UIColor+BrandColors.m */ = {isa = PBXFileReference; fileEncoding = 4; lastKnownFileType = sourcecode.c.objc; path = "UIColor+BrandColors.m"; sourceTree = "<group>"; };
		CEBDF39F19192BAB003AE46C /* NSString+DK.h */ = {isa = PBXFileReference; fileEncoding = 4; lastKnownFileType = sourcecode.c.h; path = "NSString+DK.h"; sourceTree = "<group>"; };
		CEBDF3A019192BAB003AE46C /* NSString+DK.m */ = {isa = PBXFileReference; fileEncoding = 4; lastKnownFileType = sourcecode.c.objc; path = "NSString+DK.m"; sourceTree = "<group>"; };
		CEBDF3A119192BAB003AE46C /* UIColor+DK.h */ = {isa = PBXFileReference; fileEncoding = 4; lastKnownFileType = sourcecode.c.h; path = "UIColor+DK.h"; sourceTree = "<group>"; };
		CEBDF3A219192BAB003AE46C /* UIColor+DK.m */ = {isa = PBXFileReference; fileEncoding = 4; lastKnownFileType = sourcecode.c.objc; path = "UIColor+DK.m"; sourceTree = "<group>"; };
		CEBDF3A319192BAB003AE46C /* UIImage+DK.h */ = {isa = PBXFileReference; fileEncoding = 4; lastKnownFileType = sourcecode.c.h; path = "UIImage+DK.h"; sourceTree = "<group>"; };
		CEBDF3A419192BAB003AE46C /* UIImage+DK.m */ = {isa = PBXFileReference; fileEncoding = 4; lastKnownFileType = sourcecode.c.objc; path = "UIImage+DK.m"; sourceTree = "<group>"; };
		CEBDF3A519192BAB003AE46C /* UIView+DK.h */ = {isa = PBXFileReference; fileEncoding = 4; lastKnownFileType = sourcecode.c.h; path = "UIView+DK.h"; sourceTree = "<group>"; };
		CEBDF3A619192BAB003AE46C /* UIView+DK.m */ = {isa = PBXFileReference; fileEncoding = 4; lastKnownFileType = sourcecode.c.objc; path = "UIView+DK.m"; sourceTree = "<group>"; };
		CEBDF3A719192BAB003AE46C /* UIViewController+DK.h */ = {isa = PBXFileReference; fileEncoding = 4; lastKnownFileType = sourcecode.c.h; path = "UIViewController+DK.h"; sourceTree = "<group>"; };
		CEBDF3A819192BAB003AE46C /* UIViewController+DK.m */ = {isa = PBXFileReference; fileEncoding = 4; lastKnownFileType = sourcecode.c.objc; path = "UIViewController+DK.m"; sourceTree = "<group>"; };
		CEBDF3AA19192BAB003AE46C /* DKUserMessageView.h */ = {isa = PBXFileReference; fileEncoding = 4; lastKnownFileType = sourcecode.c.h; path = DKUserMessageView.h; sourceTree = "<group>"; };
		CEBDF3AB19192BAB003AE46C /* DKUserMessageView.m */ = {isa = PBXFileReference; fileEncoding = 4; lastKnownFileType = sourcecode.c.objc; path = DKUserMessageView.m; sourceTree = "<group>"; };
		CEBDF41E19192D69003AE46C /* top-down@2x.png */ = {isa = PBXFileReference; lastKnownFileType = image.png; path = "top-down@2x.png"; sourceTree = "<group>"; };
		CEBDF41F19192D69003AE46C /* top-list@2x.png */ = {isa = PBXFileReference; lastKnownFileType = image.png; path = "top-list@2x.png"; sourceTree = "<group>"; };
		CEBDF42119192D69003AE46C /* top-x@2x.png */ = {isa = PBXFileReference; lastKnownFileType = image.png; path = "top-x@2x.png"; sourceTree = "<group>"; };
		CEBDF42619192E2E003AE46C /* tab-action@2x.png */ = {isa = PBXFileReference; lastKnownFileType = image.png; path = "tab-action@2x.png"; sourceTree = "<group>"; };
		CEBDF42A19192E6C003AE46C /* activity-buffer@2x.png */ = {isa = PBXFileReference; lastKnownFileType = image.png; path = "activity-buffer@2x.png"; sourceTree = "<group>"; };
		CEBDF42B19192E6C003AE46C /* activity-drafts@2x.png */ = {isa = PBXFileReference; lastKnownFileType = image.png; path = "activity-drafts@2x.png"; sourceTree = "<group>"; };
		CEC7C5241906BEF3004DF651 /* TabDump.app */ = {isa = PBXFileReference; explicitFileType = wrapper.application; includeInIndex = 0; path = TabDump.app; sourceTree = BUILT_PRODUCTS_DIR; };
		CEC7C5271906BEF3004DF651 /* Foundation.framework */ = {isa = PBXFileReference; lastKnownFileType = wrapper.framework; name = Foundation.framework; path = System/Library/Frameworks/Foundation.framework; sourceTree = SDKROOT; };
		CEC7C5291906BEF3004DF651 /* CoreGraphics.framework */ = {isa = PBXFileReference; lastKnownFileType = wrapper.framework; name = CoreGraphics.framework; path = System/Library/Frameworks/CoreGraphics.framework; sourceTree = SDKROOT; };
		CEC7C52B1906BEF3004DF651 /* UIKit.framework */ = {isa = PBXFileReference; lastKnownFileType = wrapper.framework; name = UIKit.framework; path = System/Library/Frameworks/UIKit.framework; sourceTree = SDKROOT; };
		CEC7C53F1906BEF3004DF651 /* TabDumpTests.xctest */ = {isa = PBXFileReference; explicitFileType = wrapper.cfbundle; includeInIndex = 0; path = TabDumpTests.xctest; sourceTree = BUILT_PRODUCTS_DIR; };
		CEC7C5401906BEF3004DF651 /* XCTest.framework */ = {isa = PBXFileReference; lastKnownFileType = wrapper.framework; name = XCTest.framework; path = Library/Frameworks/XCTest.framework; sourceTree = DEVELOPER_DIR; };
		CEC7C5481906BEF3004DF651 /* TabDumpTests-Info.plist */ = {isa = PBXFileReference; lastKnownFileType = text.plist.xml; path = "TabDumpTests-Info.plist"; sourceTree = "<group>"; };
		CEC7C54A1906BEF3004DF651 /* en */ = {isa = PBXFileReference; lastKnownFileType = text.plist.strings; name = en; path = en.lproj/InfoPlist.strings; sourceTree = "<group>"; };
		CEC7C54C1906BEF3004DF651 /* TabDumpTests.m */ = {isa = PBXFileReference; lastKnownFileType = sourcecode.c.objc; path = TabDumpTests.m; sourceTree = "<group>"; };
		CEC7C5571906C03E004DF651 /* DKAppDelegate.h */ = {isa = PBXFileReference; fileEncoding = 4; lastKnownFileType = sourcecode.c.h; path = DKAppDelegate.h; sourceTree = "<group>"; };
		CEC7C5581906C03E004DF651 /* DKAppDelegate.m */ = {isa = PBXFileReference; fileEncoding = 4; lastKnownFileType = sourcecode.c.objc; path = DKAppDelegate.m; sourceTree = "<group>"; };
		CEDDEE331907F10600BDADC1 /* blog.rss */ = {isa = PBXFileReference; fileEncoding = 4; lastKnownFileType = text.xml; path = blog.rss; sourceTree = "<group>"; };
		CEDDEE8F190834CB00BDADC1 /* about.html */ = {isa = PBXFileReference; fileEncoding = 4; lastKnownFileType = text.html; path = about.html; sourceTree = "<group>"; };
		CEEA7EF9190EC159000474E3 /* DKAboutController.h */ = {isa = PBXFileReference; fileEncoding = 4; lastKnownFileType = sourcecode.c.h; path = DKAboutController.h; sourceTree = "<group>"; };
		CEEA7EFA190EC159000474E3 /* DKAboutController.m */ = {isa = PBXFileReference; fileEncoding = 4; lastKnownFileType = sourcecode.c.objc; path = DKAboutController.m; sourceTree = "<group>"; };
		CEEA7EFB190EC159000474E3 /* DKDayController.h */ = {isa = PBXFileReference; fileEncoding = 4; lastKnownFileType = sourcecode.c.h; path = DKDayController.h; sourceTree = "<group>"; };
		CEEA7EFC190EC159000474E3 /* DKDayController.m */ = {isa = PBXFileReference; fileEncoding = 4; lastKnownFileType = sourcecode.c.objc; path = DKDayController.m; sourceTree = "<group>"; };
		CEEA7EFD190EC159000474E3 /* DKLaunchController.h */ = {isa = PBXFileReference; fileEncoding = 4; lastKnownFileType = sourcecode.c.h; path = DKLaunchController.h; sourceTree = "<group>"; };
		CEEA7EFE190EC159000474E3 /* DKLaunchController.m */ = {isa = PBXFileReference; fileEncoding = 4; lastKnownFileType = sourcecode.c.objc; path = DKLaunchController.m; sourceTree = "<group>"; };
		CEEA7EFF190EC159000474E3 /* DKTabDumpsController.h */ = {isa = PBXFileReference; fileEncoding = 4; lastKnownFileType = sourcecode.c.h; path = DKTabDumpsController.h; sourceTree = "<group>"; };
		CEEA7F00190EC159000474E3 /* DKTabDumpsController.m */ = {isa = PBXFileReference; fileEncoding = 4; lastKnownFileType = sourcecode.c.objc; path = DKTabDumpsController.m; sourceTree = "<group>"; };
		CEEA7F02190EC159000474E3 /* DKAboutView.h */ = {isa = PBXFileReference; fileEncoding = 4; lastKnownFileType = sourcecode.c.h; path = DKAboutView.h; sourceTree = "<group>"; };
		CEEA7F03190EC159000474E3 /* DKAboutView.m */ = {isa = PBXFileReference; fileEncoding = 4; lastKnownFileType = sourcecode.c.objc; path = DKAboutView.m; sourceTree = "<group>"; };
		CEEA7F04190EC159000474E3 /* DKTabCell.h */ = {isa = PBXFileReference; fileEncoding = 4; lastKnownFileType = sourcecode.c.h; path = DKTabCell.h; sourceTree = "<group>"; };
		CEEA7F05190EC159000474E3 /* DKTabCell.m */ = {isa = PBXFileReference; fileEncoding = 4; lastKnownFileType = sourcecode.c.objc; path = DKTabCell.m; sourceTree = "<group>"; };
		CEEA7F06190EC159000474E3 /* DKTabDumpCell.h */ = {isa = PBXFileReference; fileEncoding = 4; lastKnownFileType = sourcecode.c.h; path = DKTabDumpCell.h; sourceTree = "<group>"; };
		CEEA7F07190EC159000474E3 /* DKTabDumpCell.m */ = {isa = PBXFileReference; fileEncoding = 4; lastKnownFileType = sourcecode.c.objc; path = DKTabDumpCell.m; sourceTree = "<group>"; };
		CEEA7F5A190EFDFC000474E3 /* DKTabActivityItemProvider.h */ = {isa = PBXFileReference; fileEncoding = 4; lastKnownFileType = sourcecode.c.h; path = DKTabActivityItemProvider.h; sourceTree = "<group>"; };
		CEEA7F5B190EFDFC000474E3 /* DKTabActivityItemProvider.m */ = {isa = PBXFileReference; fileEncoding = 4; lastKnownFileType = sourcecode.c.objc; path = DKTabActivityItemProvider.m; sourceTree = "<group>"; };
		CEEA7F5D190F0D7D000474E3 /* DKBufferActivity.h */ = {isa = PBXFileReference; fileEncoding = 4; lastKnownFileType = sourcecode.c.h; path = DKBufferActivity.h; sourceTree = "<group>"; };
		CEEA7F5E190F0D7D000474E3 /* DKBufferActivity.m */ = {isa = PBXFileReference; fileEncoding = 4; lastKnownFileType = sourcecode.c.objc; path = DKBufferActivity.m; sourceTree = "<group>"; };
		CEEC75A11921684E00187929 /* top-left@2x.png */ = {isa = PBXFileReference; lastKnownFileType = image.png; path = "top-left@2x.png"; sourceTree = "<group>"; };
		CEEC75A3192168C900187929 /* UIViewController+TD.h */ = {isa = PBXFileReference; fileEncoding = 4; lastKnownFileType = sourcecode.c.h; path = "UIViewController+TD.h"; sourceTree = "<group>"; };
		CEEC75A4192168C900187929 /* UIViewController+TD.m */ = {isa = PBXFileReference; fileEncoding = 4; lastKnownFileType = sourcecode.c.objc; path = "UIViewController+TD.m"; sourceTree = "<group>"; };
/* End PBXFileReference section */

/* Begin PBXFrameworksBuildPhase section */
		CEC7C5211906BEF3004DF651 /* Frameworks */ = {
			isa = PBXFrameworksBuildPhase;
			buildActionMask = 2147483647;
			files = (
				19147D55194341470071116C /* libxml2.dylib in Frameworks */,
				CEC7C52A1906BEF3004DF651 /* CoreGraphics.framework in Frameworks */,
				CEC7C52C1906BEF3004DF651 /* UIKit.framework in Frameworks */,
				CEC7C5281906BEF3004DF651 /* Foundation.framework in Frameworks */,
			);
			runOnlyForDeploymentPostprocessing = 0;
		};
		CEC7C53C1906BEF3004DF651 /* Frameworks */ = {
			isa = PBXFrameworksBuildPhase;
			buildActionMask = 2147483647;
			files = (
				CEC7C5411906BEF3004DF651 /* XCTest.framework in Frameworks */,
				CEC7C5431906BEF3004DF651 /* UIKit.framework in Frameworks */,
				CEC7C5421906BEF3004DF651 /* Foundation.framework in Frameworks */,
			);
			runOnlyForDeploymentPostprocessing = 0;
		};
/* End PBXFrameworksBuildPhase section */

/* Begin PBXGroup section */
		19147D4B19433E780071116C /* AFOnoResponseSerializer */ = {
			isa = PBXGroup;
			children = (
				19147D4C19433E780071116C /* AFOnoResponseSerializer.h */,
				19147D4D19433E780071116C /* AFOnoResponseSerializer.m */,
			);
			path = AFOnoResponseSerializer;
			sourceTree = "<group>";
		};
		19147D4E19433E780071116C /* Ono */ = {
			isa = PBXGroup;
			children = (
				19147D4F19433E780071116C /* Ono.h */,
				19147D5019433E780071116C /* ONOXMLDocument.h */,
				19147D5119433E780071116C /* ONOXMLDocument.m */,
			);
			path = Ono;
			sourceTree = "<group>";
		};
		19161DB5190E14B900B745C8 /* images */ = {
			isa = PBXGroup;
			children = (
				19161DB6190E14B900B745C8 /* credit-daniel@2x.jpg */,
				19161DB7190E14B900B745C8 /* credit-stefan@2x.jpg */,
				CEBDF42A19192E6C003AE46C /* activity-buffer@2x.png */,
				CEBDF42B19192E6C003AE46C /* activity-drafts@2x.png */,
				CEBDF42619192E2E003AE46C /* tab-action@2x.png */,
				CEBDF41E19192D69003AE46C /* top-down@2x.png */,
				19D979EA192F001700389A43 /* top-gears@2x.png */,
				CEEC75A11921684E00187929 /* top-left@2x.png */,
				CEBDF41F19192D69003AE46C /* top-list@2x.png */,
				CEBDF42119192D69003AE46C /* top-x@2x.png */,
				CE0B4035190EB92D009648D3 /* Images.xcassets */,
			);
			path = images;
			sourceTree = "<group>";
		};
		19161DC4190E195500B745C8 /* sintony */ = {
			isa = PBXGroup;
			children = (
				19161DC6190E195500B745C8 /* Sintony-Bold.ttf */,
				19161DC7190E195500B745C8 /* Sintony-Regular.ttf */,
			);
			path = sintony;
			sourceTree = "<group>";
		};
		19477AA519075464003648F7 /* models */ = {
			isa = PBXGroup;
			children = (
				19477ABF19076A48003648F7 /* DKTab.h */,
				19477AC019076A48003648F7 /* DKTab.m */,
				19477AA619075475003648F7 /* DKTabDump.h */,
				19477AA719075475003648F7 /* DKTabDump.m */,
			);
			path = models;
			sourceTree = "<group>";
		};
		19CFA60B19108C640051BC80 /* en.lproj */ = {
			isa = PBXGroup;
			children = (
				19CFA60C19108C640051BC80 /* InfoPlist.strings */,
			);
			path = en.lproj;
			sourceTree = "<group>";
		};
		19D97A281934CA5700389A43 /* TOWebViewController */ = {
			isa = PBXGroup;
			children = (
				19D97A291934CA5700389A43 /* TOWebViewControllerLocalizable.strings */,
				19D97A301934CA5700389A43 /* TOActivityChrome.h */,
				19D97A311934CA5700389A43 /* TOActivityChrome.m */,
				19D97A321934CA5700389A43 /* TOActivitySafari.h */,
				19D97A331934CA5700389A43 /* TOActivitySafari.m */,
				19D97A341934CA5700389A43 /* TOWebViewController.h */,
				19D97A351934CA5700389A43 /* TOWebViewController.m */,
				19D97A361934CA5700389A43 /* UIImage+TOWebViewControllerIcons.h */,
				19D97A371934CA5700389A43 /* UIImage+TOWebViewControllerIcons.m */,
			);
			path = TOWebViewController;
			sourceTree = "<group>";
		};
		CE0B4030190EB8BB009648D3 /* support */ = {
			isa = PBXGroup;
			children = (
				CEEA7F5D190F0D7D000474E3 /* DKBufferActivity.h */,
				CEEA7F5E190F0D7D000474E3 /* DKBufferActivity.m */,
				192ACA841915D39E004CCDE1 /* DKDraftsActivity.h */,
				192ACA851915D39E004CCDE1 /* DKDraftsActivity.m */,
				CEEA7F5A190EFDFC000474E3 /* DKTabActivityItemProvider.h */,
				CEEA7F5B190EFDFC000474E3 /* DKTabActivityItemProvider.m */,
				CEBDF34F1918269B003AE46C /* DKTabDumpDefines.h */,
				19CFA60B19108C640051BC80 /* en.lproj */,
				19CFA60E19108C640051BC80 /* main.m */,
				19CF68A019112379001D0C9D /* TabDump-Info.plist */,
				19CF68A21911247A001D0C9D /* TabDump-Prefix.pch */,
				CE0B4032190EB8BB009648D3 /* UIColor+TD.h */,
				CE0B4033190EB8BB009648D3 /* UIColor+TD.m */,
				19D97A421935753A00389A43 /* UIFont+TD.h */,
				19D97A431935753A00389A43 /* UIFont+TD.m */,
				CEEC75A3192168C900187929 /* UIViewController+TD.h */,
				CEEC75A4192168C900187929 /* UIViewController+TD.m */,
			);
			path = support;
			sourceTree = "<group>";
		};
		CEBDF38519192BAB003AE46C /* vendor */ = {
			isa = PBXGroup;
			children = (
				CEBDF38619192BAB003AE46C /* AFNetworking */,
				19147D4B19433E780071116C /* AFOnoResponseSerializer */,
				CEBDF39A19192BAB003AE46C /* BrandColors */,
				CEBDF39D19192BAB003AE46C /* Categories */,
				CEBDF39E19192BAB003AE46C /* DKCategories */,
				CEBDF3A919192BAB003AE46C /* DKUserMessageView */,
				19147D4E19433E780071116C /* Ono */,
				19D97A281934CA5700389A43 /* TOWebViewController */,
			);
			path = vendor;
			sourceTree = "<group>";
		};
		CEBDF38619192BAB003AE46C /* AFNetworking */ = {
			isa = PBXGroup;
			children = (
				CEBDF38719192BAB003AE46C /* AFHTTPRequestOperation.h */,
				CEBDF38819192BAB003AE46C /* AFHTTPRequestOperation.m */,
				CEBDF38919192BAB003AE46C /* AFHTTPRequestOperationManager.h */,
				CEBDF38A19192BAB003AE46C /* AFHTTPRequestOperationManager.m */,
				CEBDF38B19192BAB003AE46C /* AFHTTPSessionManager.h */,
				CEBDF38C19192BAB003AE46C /* AFHTTPSessionManager.m */,
				CEBDF38D19192BAB003AE46C /* AFNetworking.h */,
				CEBDF38E19192BAB003AE46C /* AFNetworkReachabilityManager.h */,
				CEBDF38F19192BAB003AE46C /* AFNetworkReachabilityManager.m */,
				CEBDF39019192BAB003AE46C /* AFSecurityPolicy.h */,
				CEBDF39119192BAB003AE46C /* AFSecurityPolicy.m */,
				CEBDF39219192BAB003AE46C /* AFURLConnectionOperation.h */,
				CEBDF39319192BAB003AE46C /* AFURLConnectionOperation.m */,
				CEBDF39419192BAB003AE46C /* AFURLRequestSerialization.h */,
				CEBDF39519192BAB003AE46C /* AFURLRequestSerialization.m */,
				CEBDF39619192BAB003AE46C /* AFURLResponseSerialization.h */,
				CEBDF39719192BAB003AE46C /* AFURLResponseSerialization.m */,
				CEBDF39819192BAB003AE46C /* AFURLSessionManager.h */,
				CEBDF39919192BAB003AE46C /* AFURLSessionManager.m */,
			);
			path = AFNetworking;
			sourceTree = "<group>";
		};
		CEBDF39A19192BAB003AE46C /* BrandColors */ = {
			isa = PBXGroup;
			children = (
				CEBDF39B19192BAB003AE46C /* UIColor+BrandColors.h */,
				CEBDF39C19192BAB003AE46C /* UIColor+BrandColors.m */,
			);
			path = BrandColors;
			sourceTree = "<group>";
		};
		CEBDF39D19192BAB003AE46C /* Categories */ = {
			isa = PBXGroup;
			children = (
			);
			path = Categories;
			sourceTree = "<group>";
		};
		CEBDF39E19192BAB003AE46C /* DKCategories */ = {
			isa = PBXGroup;
			children = (
				CEBDF39F19192BAB003AE46C /* NSString+DK.h */,
				CEBDF3A019192BAB003AE46C /* NSString+DK.m */,
				CEBDF3A119192BAB003AE46C /* UIColor+DK.h */,
				CEBDF3A219192BAB003AE46C /* UIColor+DK.m */,
				CEBDF3A319192BAB003AE46C /* UIImage+DK.h */,
				CEBDF3A419192BAB003AE46C /* UIImage+DK.m */,
				CEBDF3A519192BAB003AE46C /* UIView+DK.h */,
				CEBDF3A619192BAB003AE46C /* UIView+DK.m */,
				CEBDF3A719192BAB003AE46C /* UIViewController+DK.h */,
				CEBDF3A819192BAB003AE46C /* UIViewController+DK.m */,
			);
			path = DKCategories;
			sourceTree = "<group>";
		};
		CEBDF3A919192BAB003AE46C /* DKUserMessageView */ = {
			isa = PBXGroup;
			children = (
				CEBDF3AA19192BAB003AE46C /* DKUserMessageView.h */,
				CEBDF3AB19192BAB003AE46C /* DKUserMessageView.m */,
			);
			path = DKUserMessageView;
			sourceTree = "<group>";
		};
		CEC7C51B1906BEF3004DF651 = {
			isa = PBXGroup;
			children = (
				CEC7C52D1906BEF3004DF651 /* TabDump */,
				CEC7C5461906BEF3004DF651 /* TabDumpTests */,
				CEC7C5261906BEF3004DF651 /* Frameworks */,
				CEC7C5251906BEF3004DF651 /* Products */,
			);
			sourceTree = "<group>";
		};
		CEC7C5251906BEF3004DF651 /* Products */ = {
			isa = PBXGroup;
			children = (
				CEC7C5241906BEF3004DF651 /* TabDump.app */,
				CEC7C53F1906BEF3004DF651 /* TabDumpTests.xctest */,
			);
			name = Products;
			sourceTree = "<group>";
		};
		CEC7C5261906BEF3004DF651 /* Frameworks */ = {
			isa = PBXGroup;
			children = (
				19147D54194341470071116C /* libxml2.dylib */,
				CEC7C5271906BEF3004DF651 /* Foundation.framework */,
				CEC7C5291906BEF3004DF651 /* CoreGraphics.framework */,
				CEC7C52B1906BEF3004DF651 /* UIKit.framework */,
				CEC7C5401906BEF3004DF651 /* XCTest.framework */,
			);
			name = Frameworks;
			sourceTree = "<group>";
		};
		CEC7C52D1906BEF3004DF651 /* TabDump */ = {
			isa = PBXGroup;
			children = (
				CEC7C5561906C03E004DF651 /* app */,
				CEEA7EF7190EC159000474E3 /* iphone */,
				19477AA519075464003648F7 /* models */,
				CEDDEE321907F10600BDADC1 /* resources */,
				CE0B4030190EB8BB009648D3 /* support */,
				CEBDF38519192BAB003AE46C /* vendor */,
			);
			path = TabDump;
			sourceTree = "<group>";
		};
		CEC7C5461906BEF3004DF651 /* TabDumpTests */ = {
			isa = PBXGroup;
			children = (
				CEC7C54C1906BEF3004DF651 /* TabDumpTests.m */,
				CEC7C5471906BEF3004DF651 /* Supporting Files */,
			);
			path = TabDumpTests;
			sourceTree = "<group>";
		};
		CEC7C5471906BEF3004DF651 /* Supporting Files */ = {
			isa = PBXGroup;
			children = (
				CEC7C5481906BEF3004DF651 /* TabDumpTests-Info.plist */,
				CEC7C5491906BEF3004DF651 /* InfoPlist.strings */,
			);
			name = "Supporting Files";
			sourceTree = "<group>";
		};
		CEC7C5561906C03E004DF651 /* app */ = {
			isa = PBXGroup;
			children = (
				CEC7C5571906C03E004DF651 /* DKAppDelegate.h */,
				CEC7C5581906C03E004DF651 /* DKAppDelegate.m */,
			);
			path = app;
			sourceTree = "<group>";
		};
		CEDDEE321907F10600BDADC1 /* resources */ = {
			isa = PBXGroup;
			children = (
				CEDDEE8F190834CB00BDADC1 /* about.html */,
				CEDDEE331907F10600BDADC1 /* blog.rss */,
				19161DB5190E14B900B745C8 /* images */,
				19161DC4190E195500B745C8 /* sintony */,
			);
			path = resources;
			sourceTree = "<group>";
		};
		CEEA7EF7190EC159000474E3 /* iphone */ = {
			isa = PBXGroup;
			children = (
				CEEA7EF8190EC159000474E3 /* controllers */,
				CEEA7F01190EC159000474E3 /* views */,
			);
			path = iphone;
			sourceTree = "<group>";
		};
		CEEA7EF8190EC159000474E3 /* controllers */ = {
			isa = PBXGroup;
			children = (
				CEEA7EF9190EC159000474E3 /* DKAboutController.h */,
				CEEA7EFA190EC159000474E3 /* DKAboutController.m */,
				196243C81927E4D80037BDF8 /* DKCategoriesController.h */,
				196243C91927E4D80037BDF8 /* DKCategoriesController.m */,
				CEEA7EFB190EC159000474E3 /* DKDayController.h */,
				CEEA7EFC190EC159000474E3 /* DKDayController.m */,
				CEEA7EFD190EC159000474E3 /* DKLaunchController.h */,
				CEEA7EFE190EC159000474E3 /* DKLaunchController.m */,
				196243D1192857340037BDF8 /* DKListSelectionController.h */,
				196243D2192857340037BDF8 /* DKListSelectionController.m */,
				198C31431923C525009B4033 /* DKSettingsController.h */,
				198C31441923C525009B4033 /* DKSettingsController.m */,
				CEEA7EFF190EC159000474E3 /* DKTabDumpsController.h */,
				CEEA7F00190EC159000474E3 /* DKTabDumpsController.m */,
				196243CE1927F4C50037BDF8 /* DKTabsListController.h */,
				196243CF1927F4C50037BDF8 /* DKTabsListController.m */,
				CE8B904A1934E1D200263194 /* DKWebViewController.h */,
				CE8B904B1934E1D200263194 /* DKWebViewController.m */,
			);
			path = controllers;
			sourceTree = "<group>";
		};
		CEEA7F01190EC159000474E3 /* views */ = {
			isa = PBXGroup;
			children = (
				CEEA7F02190EC159000474E3 /* DKAboutView.h */,
				CEEA7F03190EC159000474E3 /* DKAboutView.m */,
				196243CB1927F0340037BDF8 /* DKCategoryCell.h */,
				196243CC1927F0340037BDF8 /* DKCategoryCell.m */,
				CEEA7F04190EC159000474E3 /* DKTabCell.h */,
				CEEA7F05190EC159000474E3 /* DKTabCell.m */,
				CEEA7F06190EC159000474E3 /* DKTabDumpCell.h */,
				CEEA7F07190EC159000474E3 /* DKTabDumpCell.m */,
			);
			path = views;
			sourceTree = "<group>";
		};
/* End PBXGroup section */

/* Begin PBXNativeTarget section */
		CEC7C5231906BEF3004DF651 /* TabDump */ = {
			isa = PBXNativeTarget;
			buildConfigurationList = CEC7C5501906BEF3004DF651 /* Build configuration list for PBXNativeTarget "TabDump" */;
			buildPhases = (
				CEC7C5201906BEF3004DF651 /* Sources */,
				CEC7C5211906BEF3004DF651 /* Frameworks */,
				CEC7C5221906BEF3004DF651 /* Resources */,
			);
			buildRules = (
			);
			dependencies = (
			);
			name = TabDump;
			productName = TabDump;
			productReference = CEC7C5241906BEF3004DF651 /* TabDump.app */;
			productType = "com.apple.product-type.application";
		};
		CEC7C53E1906BEF3004DF651 /* TabDumpTests */ = {
			isa = PBXNativeTarget;
			buildConfigurationList = CEC7C5531906BEF3004DF651 /* Build configuration list for PBXNativeTarget "TabDumpTests" */;
			buildPhases = (
				CEC7C53B1906BEF3004DF651 /* Sources */,
				CEC7C53C1906BEF3004DF651 /* Frameworks */,
				CEC7C53D1906BEF3004DF651 /* Resources */,
			);
			buildRules = (
			);
			dependencies = (
				CEC7C5451906BEF3004DF651 /* PBXTargetDependency */,
			);
			name = TabDumpTests;
			productName = TabDumpTests;
			productReference = CEC7C53F1906BEF3004DF651 /* TabDumpTests.xctest */;
			productType = "com.apple.product-type.bundle.unit-test";
		};
/* End PBXNativeTarget section */

/* Begin PBXProject section */
		CEC7C51C1906BEF3004DF651 /* Project object */ = {
			isa = PBXProject;
			attributes = {
				CLASSPREFIX = DK;
				LastUpgradeCheck = 0510;
				ORGANIZATIONNAME = dkhamsing;
				TargetAttributes = {
					CEC7C53E1906BEF3004DF651 = {
						TestTargetID = CEC7C5231906BEF3004DF651;
					};
				};
			};
			buildConfigurationList = CEC7C51F1906BEF3004DF651 /* Build configuration list for PBXProject "TabDump" */;
			compatibilityVersion = "Xcode 3.2";
			developmentRegion = English;
			hasScannedForEncodings = 0;
			knownRegions = (
				en,
				da,
				de,
				"es-ES",
				es,
				fr,
				ja,
				"zh-Hans",
				"zh-Hant",
				ko,
				pl,
			);
			mainGroup = CEC7C51B1906BEF3004DF651;
			productRefGroup = CEC7C5251906BEF3004DF651 /* Products */;
			projectDirPath = "";
			projectRoot = "";
			targets = (
				CEC7C5231906BEF3004DF651 /* TabDump */,
				CEC7C53E1906BEF3004DF651 /* TabDumpTests */,
			);
		};
/* End PBXProject section */

/* Begin PBXResourcesBuildPhase section */
		CEC7C5221906BEF3004DF651 /* Resources */ = {
			isa = PBXResourcesBuildPhase;
			buildActionMask = 2147483647;
			files = (
				19161DC9190E195500B745C8 /* Sintony-Bold.ttf in Resources */,
				19CFA60F19108C640051BC80 /* InfoPlist.strings in Resources */,
				19D979EB192F001700389A43 /* top-gears@2x.png in Resources */,
				19161DBA190E14B900B745C8 /* credit-daniel@2x.jpg in Resources */,
				19D97A3A1934CA5700389A43 /* TOWebViewControllerLocalizable.strings in Resources */,
				CEBDF42D19192E6C003AE46C /* activity-drafts@2x.png in Resources */,
				CEBDF42519192D69003AE46C /* top-x@2x.png in Resources */,
				CEBDF42319192D69003AE46C /* top-list@2x.png in Resources */,
				CEDDEE90190834CB00BDADC1 /* about.html in Resources */,
				19161DCA190E195500B745C8 /* Sintony-Regular.ttf in Resources */,
				CEBDF42C19192E6C003AE46C /* activity-buffer@2x.png in Resources */,
				CEBDF42819192E2E003AE46C /* tab-action@2x.png in Resources */,
				CE0B4036190EB92D009648D3 /* Images.xcassets in Resources */,
				CEBDF42219192D69003AE46C /* top-down@2x.png in Resources */,
				19161DBB190E14B900B745C8 /* credit-stefan@2x.jpg in Resources */,
				CEDDEE341907F10600BDADC1 /* blog.rss in Resources */,
				CEEC75A21921684E00187929 /* top-left@2x.png in Resources */,
			);
			runOnlyForDeploymentPostprocessing = 0;
		};
		CEC7C53D1906BEF3004DF651 /* Resources */ = {
			isa = PBXResourcesBuildPhase;
			buildActionMask = 2147483647;
			files = (
				CEC7C54B1906BEF3004DF651 /* InfoPlist.strings in Resources */,
			);
			runOnlyForDeploymentPostprocessing = 0;
		};
/* End PBXResourcesBuildPhase section */

/* Begin PBXSourcesBuildPhase section */
		CEC7C5201906BEF3004DF651 /* Sources */ = {
			isa = PBXSourcesBuildPhase;
			buildActionMask = 2147483647;
			files = (
				CEEA7F5F190F0D7D000474E3 /* DKBufferActivity.m in Sources */,
				196243CD1927F0340037BDF8 /* DKCategoryCell.m in Sources */,
				192ACA861915D39E004CCDE1 /* DKDraftsActivity.m in Sources */,
				CEBDF3FD19192BAB003AE46C /* UIColor+DK.m in Sources */,
				CEEA7F09190EC159000474E3 /* DKDayController.m in Sources */,
				CEBDF3F419192BAB003AE46C /* AFHTTPSessionManager.m in Sources */,
				19147D5219433E780071116C /* AFOnoResponseSerializer.m in Sources */,
				CEBDF40019192BAB003AE46C /* UIViewController+DK.m in Sources */,
				CEEA7F0E190EC159000474E3 /* DKTabDumpCell.m in Sources */,
				CEBDF3F519192BAB003AE46C /* AFNetworkReachabilityManager.m in Sources */,
				198C31451923C525009B4033 /* DKSettingsController.m in Sources */,
				196243D3192857340037BDF8 /* DKListSelectionController.m in Sources */,
				CEBDF3F219192BAB003AE46C /* AFHTTPRequestOperation.m in Sources */,
				196243CA1927E4D80037BDF8 /* DKCategoriesController.m in Sources */,
				CEBDF3F819192BAB003AE46C /* AFURLRequestSerialization.m in Sources */,
				CEBDF3FB19192BAB003AE46C /* UIColor+BrandColors.m in Sources */,
				19D97A441935753A00389A43 /* UIFont+TD.m in Sources */,
				196243D01927F4C50037BDF8 /* DKTabsListController.m in Sources */,
				CEBDF3FE19192BAB003AE46C /* UIImage+DK.m in Sources */,
				CEBDF3F719192BAB003AE46C /* AFURLConnectionOperation.m in Sources */,
				CEBDF3FA19192BAB003AE46C /* AFURLSessionManager.m in Sources */,
				19D97A3E1934CA5700389A43 /* UIImage+TOWebViewControllerIcons.m in Sources */,
				CEEA7F0B190EC159000474E3 /* DKTabDumpsController.m in Sources */,
				CEBDF3FF19192BAB003AE46C /* UIView+DK.m in Sources */,
				19D97A3C1934CA5700389A43 /* TOActivitySafari.m in Sources */,
				19CFA61019108C640051BC80 /* main.m in Sources */,
				19477AA819075475003648F7 /* DKTabDump.m in Sources */,
				CEBDF40119192BAB003AE46C /* DKUserMessageView.m in Sources */,
				19477AC119076A48003648F7 /* DKTab.m in Sources */,
				CEC7C55A1906C03E004DF651 /* DKAppDelegate.m in Sources */,
				CE0B4034190EB8BB009648D3 /* UIColor+TD.m in Sources */,
				CEEA7F0C190EC159000474E3 /* DKAboutView.m in Sources */,
				19147D5319433E780071116C /* ONOXMLDocument.m in Sources */,
				19D97A3D1934CA5700389A43 /* TOWebViewController.m in Sources */,
				CEBDF3FC19192BAB003AE46C /* NSString+DK.m in Sources */,
				CEEA7F0D190EC159000474E3 /* DKTabCell.m in Sources */,
				CEEC75A5192168C900187929 /* UIViewController+TD.m in Sources */,
				CEEA7F08190EC159000474E3 /* DKAboutController.m in Sources */,
				19D97A3B1934CA5700389A43 /* TOActivityChrome.m in Sources */,
				CEBDF3F619192BAB003AE46C /* AFSecurityPolicy.m in Sources */,
				CEEA7F5C190EFDFC000474E3 /* DKTabActivityItemProvider.m in Sources */,
				CE8B904C1934E1D200263194 /* DKWebViewController.m in Sources */,
				CEBDF3F319192BAB003AE46C /* AFHTTPRequestOperationManager.m in Sources */,
				CEEA7F0A190EC159000474E3 /* DKLaunchController.m in Sources */,
				CEBDF3F919192BAB003AE46C /* AFURLResponseSerialization.m in Sources */,
			);
			runOnlyForDeploymentPostprocessing = 0;
		};
		CEC7C53B1906BEF3004DF651 /* Sources */ = {
			isa = PBXSourcesBuildPhase;
			buildActionMask = 2147483647;
			files = (
				19477AA9190760A9003648F7 /* DKTabDump.m in Sources */,
				CEC7C54D1906BEF3004DF651 /* TabDumpTests.m in Sources */,
			);
			runOnlyForDeploymentPostprocessing = 0;
		};
/* End PBXSourcesBuildPhase section */

/* Begin PBXTargetDependency section */
		CEC7C5451906BEF3004DF651 /* PBXTargetDependency */ = {
			isa = PBXTargetDependency;
			target = CEC7C5231906BEF3004DF651 /* TabDump */;
			targetProxy = CEC7C5441906BEF3004DF651 /* PBXContainerItemProxy */;
		};
/* End PBXTargetDependency section */

/* Begin PBXVariantGroup section */
		19CFA60C19108C640051BC80 /* InfoPlist.strings */ = {
			isa = PBXVariantGroup;
			children = (
				19CFA60D19108C640051BC80 /* en */,
			);
			name = InfoPlist.strings;
			sourceTree = "<group>";
		};
		19D97A291934CA5700389A43 /* TOWebViewControllerLocalizable.strings */ = {
			isa = PBXVariantGroup;
			children = (
				19D97A2A1934CA5700389A43 /* de */,
				19D97A2B1934CA5700389A43 /* en */,
				19D97A2C1934CA5700389A43 /* es */,
				19D97A2D1934CA5700389A43 /* ja */,
				19D97A2E1934CA5700389A43 /* ko */,
				19D97A2F1934CA5700389A43 /* pl */,
				19D97A381934CA5700389A43 /* zh-Hans */,
				19D97A391934CA5700389A43 /* zh-Hant */,
			);
			name = TOWebViewControllerLocalizable.strings;
			sourceTree = "<group>";
		};
		CEC7C5491906BEF3004DF651 /* InfoPlist.strings */ = {
			isa = PBXVariantGroup;
			children = (
				CEC7C54A1906BEF3004DF651 /* en */,
			);
			name = InfoPlist.strings;
			sourceTree = "<group>";
		};
/* End PBXVariantGroup section */

/* Begin XCBuildConfiguration section */
		CEC7C54E1906BEF3004DF651 /* Debug */ = {
			isa = XCBuildConfiguration;
			buildSettings = {
				ALWAYS_SEARCH_USER_PATHS = NO;
				CLANG_CXX_LANGUAGE_STANDARD = "gnu++0x";
				CLANG_CXX_LIBRARY = "libc++";
				CLANG_ENABLE_MODULES = YES;
				CLANG_ENABLE_OBJC_ARC = YES;
				CLANG_WARN_BOOL_CONVERSION = YES;
				CLANG_WARN_CONSTANT_CONVERSION = YES;
				CLANG_WARN_DIRECT_OBJC_ISA_USAGE = YES_ERROR;
				CLANG_WARN_EMPTY_BODY = YES;
				CLANG_WARN_ENUM_CONVERSION = YES;
				CLANG_WARN_INT_CONVERSION = YES;
				CLANG_WARN_OBJC_ROOT_CLASS = YES_ERROR;
				CLANG_WARN__DUPLICATE_METHOD_MATCH = YES;
				"CODE_SIGN_IDENTITY[sdk=iphoneos*]" = "iPhone Developer";
				COPY_PHASE_STRIP = NO;
				GCC_C_LANGUAGE_STANDARD = gnu99;
				GCC_DYNAMIC_NO_PIC = NO;
				GCC_OPTIMIZATION_LEVEL = 0;
				GCC_PREPROCESSOR_DEFINITIONS = (
					"DEBUG=1",
					"$(inherited)",
				);
				GCC_SYMBOLS_PRIVATE_EXTERN = NO;
				GCC_WARN_64_TO_32_BIT_CONVERSION = YES;
				GCC_WARN_ABOUT_RETURN_TYPE = YES_ERROR;
				GCC_WARN_UNDECLARED_SELECTOR = YES;
				GCC_WARN_UNINITIALIZED_AUTOS = YES_AGGRESSIVE;
				GCC_WARN_UNUSED_FUNCTION = YES;
				GCC_WARN_UNUSED_VARIABLE = YES;
				IPHONEOS_DEPLOYMENT_TARGET = 7.1;
				ONLY_ACTIVE_ARCH = YES;
				SDKROOT = iphoneos;
			};
			name = Debug;
		};
		CEC7C54F1906BEF3004DF651 /* Release */ = {
			isa = XCBuildConfiguration;
			buildSettings = {
				ALWAYS_SEARCH_USER_PATHS = NO;
				CLANG_CXX_LANGUAGE_STANDARD = "gnu++0x";
				CLANG_CXX_LIBRARY = "libc++";
				CLANG_ENABLE_MODULES = YES;
				CLANG_ENABLE_OBJC_ARC = YES;
				CLANG_WARN_BOOL_CONVERSION = YES;
				CLANG_WARN_CONSTANT_CONVERSION = YES;
				CLANG_WARN_DIRECT_OBJC_ISA_USAGE = YES_ERROR;
				CLANG_WARN_EMPTY_BODY = YES;
				CLANG_WARN_ENUM_CONVERSION = YES;
				CLANG_WARN_INT_CONVERSION = YES;
				CLANG_WARN_OBJC_ROOT_CLASS = YES_ERROR;
				CLANG_WARN__DUPLICATE_METHOD_MATCH = YES;
				"CODE_SIGN_IDENTITY[sdk=iphoneos*]" = "iPhone Developer";
				COPY_PHASE_STRIP = YES;
				ENABLE_NS_ASSERTIONS = NO;
				GCC_C_LANGUAGE_STANDARD = gnu99;
				GCC_WARN_64_TO_32_BIT_CONVERSION = YES;
				GCC_WARN_ABOUT_RETURN_TYPE = YES_ERROR;
				GCC_WARN_UNDECLARED_SELECTOR = YES;
				GCC_WARN_UNINITIALIZED_AUTOS = YES_AGGRESSIVE;
				GCC_WARN_UNUSED_FUNCTION = YES;
				GCC_WARN_UNUSED_VARIABLE = YES;
				IPHONEOS_DEPLOYMENT_TARGET = 7.1;
				SDKROOT = iphoneos;
				VALIDATE_PRODUCT = YES;
			};
			name = Release;
		};
		CEC7C5511906BEF3004DF651 /* Debug */ = {
			isa = XCBuildConfiguration;
			buildSettings = {
				ASSETCATALOG_COMPILER_APPICON_NAME = AppIcon;
				ASSETCATALOG_COMPILER_LAUNCHIMAGE_NAME = LaunchImage;
				CODE_SIGN_IDENTITY = "iPhone Developer";
				GCC_PRECOMPILE_PREFIX_HEADER = YES;
				GCC_PREFIX_HEADER = "TabDump/support/TabDump-Prefix.pch";
				HEADER_SEARCH_PATHS = (
					"$(inherited)",
					/Applications/Xcode.app/Contents/Developer/Toolchains/XcodeDefault.xctoolchain/usr/include,
					/usr/include/libxml2,
				);
				INFOPLIST_FILE = "TabDump/support/TabDump-Info.plist";
				IPHONEOS_DEPLOYMENT_TARGET = 7.0;
				PRODUCT_NAME = "$(TARGET_NAME)";
				WRAPPER_EXTENSION = app;
			};
			name = Debug;
		};
		CEC7C5521906BEF3004DF651 /* Release */ = {
			isa = XCBuildConfiguration;
			buildSettings = {
				ASSETCATALOG_COMPILER_APPICON_NAME = AppIcon;
				ASSETCATALOG_COMPILER_LAUNCHIMAGE_NAME = LaunchImage;
				CODE_SIGN_IDENTITY = "iPhone Developer";
				GCC_PRECOMPILE_PREFIX_HEADER = YES;
				GCC_PREFIX_HEADER = "TabDump/support/TabDump-Prefix.pch";
				HEADER_SEARCH_PATHS = (
					"$(inherited)",
					/Applications/Xcode.app/Contents/Developer/Toolchains/XcodeDefault.xctoolchain/usr/include,
					/usr/include/libxml2,
				);
				INFOPLIST_FILE = "TabDump/support/TabDump-Info.plist";
				IPHONEOS_DEPLOYMENT_TARGET = 7.0;
				PRODUCT_NAME = "$(TARGET_NAME)";
				WRAPPER_EXTENSION = app;
			};
			name = Release;
		};
		CEC7C5541906BEF3004DF651 /* Debug */ = {
			isa = XCBuildConfiguration;
			buildSettings = {
				BUNDLE_LOADER = "$(BUILT_PRODUCTS_DIR)/TabDump.app/TabDump";
				FRAMEWORK_SEARCH_PATHS = (
					"$(SDKROOT)/Developer/Library/Frameworks",
					"$(inherited)",
					"$(DEVELOPER_FRAMEWORKS_DIR)",
				);
				GCC_PRECOMPILE_PREFIX_HEADER = YES;
				GCC_PREFIX_HEADER = "TabDump/support/TabDump-Prefix.pch";
				GCC_PREPROCESSOR_DEFINITIONS = (
					"DEBUG=1",
					"$(inherited)",
				);
				INFOPLIST_FILE = "TabDumpTests/TabDumpTests-Info.plist";
				PRODUCT_NAME = "$(TARGET_NAME)";
				TEST_HOST = "$(BUNDLE_LOADER)";
				WRAPPER_EXTENSION = xctest;
			};
			name = Debug;
		};
		CEC7C5551906BEF3004DF651 /* Release */ = {
			isa = XCBuildConfiguration;
			buildSettings = {
				BUNDLE_LOADER = "$(BUILT_PRODUCTS_DIR)/TabDump.app/TabDump";
				FRAMEWORK_SEARCH_PATHS = (
					"$(SDKROOT)/Developer/Library/Frameworks",
					"$(inherited)",
					"$(DEVELOPER_FRAMEWORKS_DIR)",
				);
				GCC_PRECOMPILE_PREFIX_HEADER = YES;
				GCC_PREFIX_HEADER = "TabDump/support/TabDump-Prefix.pch";
				INFOPLIST_FILE = "TabDumpTests/TabDumpTests-Info.plist";
				PRODUCT_NAME = "$(TARGET_NAME)";
				TEST_HOST = "$(BUNDLE_LOADER)";
				WRAPPER_EXTENSION = xctest;
			};
			name = Release;
		};
/* End XCBuildConfiguration section */

/* Begin XCConfigurationList section */
		CEC7C51F1906BEF3004DF651 /* Build configuration list for PBXProject "TabDump" */ = {
			isa = XCConfigurationList;
			buildConfigurations = (
				CEC7C54E1906BEF3004DF651 /* Debug */,
				CEC7C54F1906BEF3004DF651 /* Release */,
			);
			defaultConfigurationIsVisible = 0;
			defaultConfigurationName = Release;
		};
		CEC7C5501906BEF3004DF651 /* Build configuration list for PBXNativeTarget "TabDump" */ = {
			isa = XCConfigurationList;
			buildConfigurations = (
				CEC7C5511906BEF3004DF651 /* Debug */,
				CEC7C5521906BEF3004DF651 /* Release */,
			);
			defaultConfigurationIsVisible = 0;
			defaultConfigurationName = Release;
		};
		CEC7C5531906BEF3004DF651 /* Build configuration list for PBXNativeTarget "TabDumpTests" */ = {
			isa = XCConfigurationList;
			buildConfigurations = (
				CEC7C5541906BEF3004DF651 /* Debug */,
				CEC7C5551906BEF3004DF651 /* Release */,
			);
			defaultConfigurationIsVisible = 0;
			defaultConfigurationName = Release;
		};
/* End XCConfigurationList section */
	};
	rootObject = CEC7C51C1906BEF3004DF651 /* Project object */;
}
